
Microsoft Visual Studio Solution File, Format Version 12.00
# Visual Studio Version 17
VisualStudioVersion = 17.13.35818.85 d17.13
MinimumVisualStudioVersion = 10.0.40219.1
Project("{FAE04EC0-301F-11D3-BF4B-00C04F79EFBC}") = "ParaBankTest", "ParaBankTest\ParaBankTest.csproj", "{DFB2FDC1-8970-467A-98D8-8EFCA0FF7C67}"
EndProject
Global
	GlobalSection(SolutionConfigurationPlatforms) = preSolution
		Debug|Any CPU = Debug|Any CPU
		Release|Any CPU = Release|Any CPU
	EndGlobalSection
	GlobalSection(ProjectConfigurationPlatforms) = postSolution
		{DFB2FDC1-8970-467A-98D8-8EFCA0FF7C67}.Debug|Any CPU.ActiveCfg = Debug|Any CPU
		{DFB2FDC1-8970-467A-98D8-8EFCA0FF7C67}.Debug|Any CPU.Build.0 = Debug|Any CPU
		{DFB2FDC1-8970-467A-98D8-8EFCA0FF7C67}.Release|Any CPU.ActiveCfg = Release|Any CPU
		{DFB2FDC1-8970-467A-98D8-8EFCA0FF7C67}.Release|Any CPU.Build.0 = Release|Any CPU
	EndGlobalSection
	GlobalSection(SolutionProperties) = preSolution
		HideSolutionNode = FALSE
	EndGlobalSection
	GlobalSection(ExtensibilityGlobals) = postSolution
		SolutionGuid = {201F8313-A152-4216-8910-30BA193175D1}
	EndGlobalSection
EndGlobal
